
Microsoft Visual Studio Solution File, Format Version 12.00
# Visual Studio Version 17
VisualStudioVersion = 17.0.31903.59
MinimumVisualStudioVersion = 10.0.40219.1
Project("{FAE04EC0-301F-11D3-BF4B-00C04F79EFBC}") = "Goodrouter", "packages/net/goodrouter-net\Goodrouter\Goodrouter.csproj", "{1BC15477-1358-447E-A5AA-555B8BDCD27A}"
EndProject
Project("{FAE04EC0-301F-11D3-BF4B-00C04F79EFBC}") = "Goodrouter.Spec", "packages/net/goodrouter-net\Goodrouter.Spec\Goodrouter.Spec.csproj", "{682FFC74-3F69-4BCD-AA02-A5182BE0DD53}"
EndProject
Project("{FAE04EC0-301F-11D3-BF4B-00C04F79EFBC}") = "Goodrouter.Bench", "packages/net/goodrouter-net\Goodrouter.Bench\Goodrouter.Bench.csproj", "{31FA2B44-1E9A-4647-AD47-14B029577876}"
EndProject
Global
	GlobalSection(SolutionConfigurationPlatforms) = preSolution
		Debug|Any CPU = Debug|Any CPU
		Release|Any CPU = Release|Any CPU
	EndGlobalSection
	GlobalSection(SolutionProperties) = preSolution
		HideSolutionNode = FALSE
	EndGlobalSection
	GlobalSection(ProjectConfigurationPlatforms) = postSolution
		{1BC15477-1358-447E-A5AA-555B8BDCD27A}.Debug|Any CPU.ActiveCfg = Debug|Any CPU
		{1BC15477-1358-447E-A5AA-555B8BDCD27A}.Debug|Any CPU.Build.0 = Debug|Any CPU
		{1BC15477-1358-447E-A5AA-555B8BDCD27A}.Release|Any CPU.ActiveCfg = Release|Any CPU
		{1BC15477-1358-447E-A5AA-555B8BDCD27A}.Release|Any CPU.Build.0 = Release|Any CPU
		{682FFC74-3F69-4BCD-AA02-A5182BE0DD53}.Debug|Any CPU.ActiveCfg = Debug|Any CPU
		{682FFC74-3F69-4BCD-AA02-A5182BE0DD53}.Debug|Any CPU.Build.0 = Debug|Any CPU
		{682FFC74-3F69-4BCD-AA02-A5182BE0DD53}.Release|Any CPU.ActiveCfg = Release|Any CPU
		{682FFC74-3F69-4BCD-AA02-A5182BE0DD53}.Release|Any CPU.Build.0 = Release|Any CPU
		{31FA2B44-1E9A-4647-AD47-14B029577876}.Debug|Any CPU.ActiveCfg = Debug|Any CPU
		{31FA2B44-1E9A-4647-AD47-14B029577876}.Debug|Any CPU.Build.0 = Debug|Any CPU
		{31FA2B44-1E9A-4647-AD47-14B029577876}.Release|Any CPU.ActiveCfg = Release|Any CPU
		{31FA2B44-1E9A-4647-AD47-14B029577876}.Release|Any CPU.Build.0 = Release|Any CPU
	EndGlobalSection
EndGlobal
